
Microsoft Visual Studio Solution File, Format Version 12.00
# Visual Studio Version 17
VisualStudioVersion = 17.5.002.0
MinimumVisualStudioVersion = 10.0.40219.1
Project("{2150E333-8FDC-42A3-9474-1A3956D46DE8}") = "src", "src", "{D150FA45-2783-4E26-82D0-57469B0B5A62}"
EndProject
Project("{9A19103F-16F7-4668-BE54-9A1E7A4F7556}") = "Library", "src\Library\Library.csproj", "{3471F2F0-A08E-43C2-8C93-17637E760B0A}"
EndProject
Project("{9A19103F-16F7-4668-BE54-9A1E7A4F7556}") = "Program", "src\Program\Program.csproj", "{DDD915B3-9489-4B2B-BA8C-7697EA853F8F}"
EndProject
Global
	GlobalSection(SolutionConfigurationPlatforms) = preSolution
		Debug|Any CPU = Debug|Any CPU
		Release|Any CPU = Release|Any CPU
	EndGlobalSection
	GlobalSection(ProjectConfigurationPlatforms) = postSolution
		{3471F2F0-A08E-43C2-8C93-17637E760B0A}.Debug|Any CPU.ActiveCfg = Debug|Any CPU
		{3471F2F0-A08E-43C2-8C93-17637E760B0A}.Debug|Any CPU.Build.0 = Debug|Any CPU
		{3471F2F0-A08E-43C2-8C93-17637E760B0A}.Release|Any CPU.ActiveCfg = Release|Any CPU
		{3471F2F0-A08E-43C2-8C93-17637E760B0A}.Release|Any CPU.Build.0 = Release|Any CPU
		{DDD915B3-9489-4B2B-BA8C-7697EA853F8F}.Debug|Any CPU.ActiveCfg = Debug|Any CPU
		{DDD915B3-9489-4B2B-BA8C-7697EA853F8F}.Debug|Any CPU.Build.0 = Debug|Any CPU
		{DDD915B3-9489-4B2B-BA8C-7697EA853F8F}.Release|Any CPU.ActiveCfg = Release|Any CPU
		{DDD915B3-9489-4B2B-BA8C-7697EA853F8F}.Release|Any CPU.Build.0 = Release|Any CPU
	EndGlobalSection
	GlobalSection(SolutionProperties) = preSolution
		HideSolutionNode = FALSE
	EndGlobalSection
	GlobalSection(NestedProjects) = preSolution
		{3471F2F0-A08E-43C2-8C93-17637E760B0A} = {D150FA45-2783-4E26-82D0-57469B0B5A62}
		{DDD915B3-9489-4B2B-BA8C-7697EA853F8F} = {D150FA45-2783-4E26-82D0-57469B0B5A62}
	EndGlobalSection
	GlobalSection(ExtensibilityGlobals) = postSolution
		SolutionGuid = {34B0387F-9770-4EF6-B5F5-FC32CF09E28D}
	EndGlobalSection
EndGlobal
